// !$*UTF8*$!
{
	archiveVersion = 1;
	classes = {
	};
	objectVersion = 50;
	objects = {

/* Begin PBXBuildFile section */
		1ACB3356216AF23A00BF530C /* AppDelegate.swift in Sources */ = {isa = PBXBuildFile; fileRef = 1ACB3355216AF23A00BF530C /* AppDelegate.swift */; };
		1ACB3358216AF23A00BF530C /* ViewController.swift in Sources */ = {isa = PBXBuildFile; fileRef = 1ACB3357216AF23A00BF530C /* ViewController.swift */; };
		1ACB335B216AF23A00BF530C /* Main.storyboard in Resources */ = {isa = PBXBuildFile; fileRef = 1ACB3359216AF23A00BF530C /* Main.storyboard */; };
		1ACB335D216AF23B00BF530C /* Assets.xcassets in Resources */ = {isa = PBXBuildFile; fileRef = 1ACB335C216AF23B00BF530C /* Assets.xcassets */; };
		1ACB3360216AF23B00BF530C /* LaunchScreen.storyboard in Resources */ = {isa = PBXBuildFile; fileRef = 1ACB335E216AF23B00BF530C /* LaunchScreen.storyboard */; };
		1ACB336B216AF23B00BF530C /* Assignment_3_LayoutTests.swift in Sources */ = {isa = PBXBuildFile; fileRef = 1ACB336A216AF23B00BF530C /* Assignment_3_LayoutTests.swift */; };
		1ACB3376216AF23B00BF530C /* Assignment_3_LayoutUITests.swift in Sources */ = {isa = PBXBuildFile; fileRef = 1ACB3375216AF23B00BF530C /* Assignment_3_LayoutUITests.swift */; };
/* End PBXBuildFile section */

/* Begin PBXContainerItemProxy section */
		1ACB3367216AF23B00BF530C /* PBXContainerItemProxy */ = {
			isa = PBXContainerItemProxy;
			containerPortal = 1ACB334A216AF23A00BF530C /* Project object */;
			proxyType = 1;
			remoteGlobalIDString = 1ACB3351216AF23A00BF530C;
			remoteInfo = Assignment_3_Layout;
		};
		1ACB3372216AF23B00BF530C /* PBXContainerItemProxy */ = {
			isa = PBXContainerItemProxy;
			containerPortal = 1ACB334A216AF23A00BF530C /* Project object */;
			proxyType = 1;
			remoteGlobalIDString = 1ACB3351216AF23A00BF530C;
			remoteInfo = Assignment_3_Layout;
		};
/* End PBXContainerItemProxy section */

/* Begin PBXFileReference section */
		1ACB3352216AF23A00BF530C /* Assignment_3_Layout.app */ = {isa = PBXFileReference; explicitFileType = wrapper.application; includeInIndex = 0; path = Assignment_3_Layout.app; sourceTree = BUILT_PRODUCTS_DIR; };
		1ACB3355216AF23A00BF530C /* AppDelegate.swift */ = {isa = PBXFileReference; lastKnownFileType = sourcecode.swift; path = AppDelegate.swift; sourceTree = "<group>"; };
		1ACB3357216AF23A00BF530C /* ViewController.swift */ = {isa = PBXFileReference; lastKnownFileType = sourcecode.swift; path = ViewController.swift; sourceTree = "<group>"; };
		1ACB335A216AF23A00BF530C /* Base */ = {isa = PBXFileReference; lastKnownFileType = file.storyboard; name = Base; path = Base.lproj/Main.storyboard; sourceTree = "<group>"; };
		1ACB335C216AF23B00BF530C /* Assets.xcassets */ = {isa = PBXFileReference; lastKnownFileType = folder.assetcatalog; path = Assets.xcassets; sourceTree = "<group>"; };
		1ACB335F216AF23B00BF530C /* Base */ = {isa = PBXFileReference; lastKnownFileType = file.storyboard; name = Base; path = Base.lproj/LaunchScreen.storyboard; sourceTree = "<group>"; };
		1ACB3361216AF23B00BF530C /* Info.plist */ = {isa = PBXFileReference; lastKnownFileType = text.plist.xml; path = Info.plist; sourceTree = "<group>"; };
		1ACB3366216AF23B00BF530C /* Assignment_3_LayoutTests.xctest */ = {isa = PBXFileReference; explicitFileType = wrapper.cfbundle; includeInIndex = 0; path = Assignment_3_LayoutTests.xctest; sourceTree = BUILT_PRODUCTS_DIR; };
		1ACB336A216AF23B00BF530C /* Assignment_3_LayoutTests.swift */ = {isa = PBXFileReference; lastKnownFileType = sourcecode.swift; path = Assignment_3_LayoutTests.swift; sourceTree = "<group>"; };
		1ACB336C216AF23B00BF530C /* Info.plist */ = {isa = PBXFileReference; lastKnownFileType = text.plist.xml; path = Info.plist; sourceTree = "<group>"; };
		1ACB3371216AF23B00BF530C /* Assignment_3_LayoutUITests.xctest */ = {isa = PBXFileReference; explicitFileType = wrapper.cfbundle; includeInIndex = 0; path = Assignment_3_LayoutUITests.xctest; sourceTree = BUILT_PRODUCTS_DIR; };
		1ACB3375216AF23B00BF530C /* Assignment_3_LayoutUITests.swift */ = {isa = PBXFileReference; lastKnownFileType = sourcecode.swift; path = Assignment_3_LayoutUITests.swift; sourceTree = "<group>"; };
		1ACB3377216AF23B00BF530C /* Info.plist */ = {isa = PBXFileReference; lastKnownFileType = text.plist.xml; path = Info.plist; sourceTree = "<group>"; };
/* End PBXFileReference section */

/* Begin PBXFrameworksBuildPhase section */
		1ACB334F216AF23A00BF530C /* Frameworks */ = {
			isa = PBXFrameworksBuildPhase;
			buildActionMask = 2147483647;
			files = (
			);
			runOnlyForDeploymentPostprocessing = 0;
		};
		1ACB3363216AF23B00BF530C /* Frameworks */ = {
			isa = PBXFrameworksBuildPhase;
			buildActionMask = 2147483647;
			files = (
			);
			runOnlyForDeploymentPostprocessing = 0;
		};
		1ACB336E216AF23B00BF530C /* Frameworks */ = {
			isa = PBXFrameworksBuildPhase;
			buildActionMask = 2147483647;
			files = (
			);
			runOnlyForDeploymentPostprocessing = 0;
		};
/* End PBXFrameworksBuildPhase section */

/* Begin PBXGroup section */
		1ACB3349216AF23A00BF530C = {
			isa = PBXGroup;
			children = (
				1ACB3354216AF23A00BF530C /* Assignment_3_Layout */,
				1ACB3369216AF23B00BF530C /* Assignment_3_LayoutTests */,
				1ACB3374216AF23B00BF530C /* Assignment_3_LayoutUITests */,
				1ACB3353216AF23A00BF530C /* Products */,
			);
			sourceTree = "<group>";
		};
		1ACB3353216AF23A00BF530C /* Products */ = {
			isa = PBXGroup;
			children = (
				1ACB3352216AF23A00BF530C /* Assignment_3_Layout.app */,
				1ACB3366216AF23B00BF530C /* Assignment_3_LayoutTests.xctest */,
				1ACB3371216AF23B00BF530C /* Assignment_3_LayoutUITests.xctest */,
			);
			name = Products;
			sourceTree = "<group>";
		};
		1ACB3354216AF23A00BF530C /* Assignment_3_Layout */ = {
			isa = PBXGroup;
			children = (
				1ACB3355216AF23A00BF530C /* AppDelegate.swift */,
				1ACB3357216AF23A00BF530C /* ViewController.swift */,
				1ACB3359216AF23A00BF530C /* Main.storyboard */,
				1ACB335C216AF23B00BF530C /* Assets.xcassets */,
				1ACB335E216AF23B00BF530C /* LaunchScreen.storyboard */,
				1ACB3361216AF23B00BF530C /* Info.plist */,
			);
			path = Assignment_3_Layout;
			sourceTree = "<group>";
		};
		1ACB3369216AF23B00BF530C /* Assignment_3_LayoutTests */ = {
			isa = PBXGroup;
			children = (
				1ACB336A216AF23B00BF530C /* Assignment_3_LayoutTests.swift */,
				1ACB336C216AF23B00BF530C /* Info.plist */,
			);
			path = Assignment_3_LayoutTests;
			sourceTree = "<group>";
		};
		1ACB3374216AF23B00BF530C /* Assignment_3_LayoutUITests */ = {
			isa = PBXGroup;
			children = (
				1ACB3375216AF23B00BF530C /* Assignment_3_LayoutUITests.swift */,
				1ACB3377216AF23B00BF530C /* Info.plist */,
			);
			path = Assignment_3_LayoutUITests;
			sourceTree = "<group>";
		};
/* End PBXGroup section */

/* Begin PBXNativeTarget section */
		1ACB3351216AF23A00BF530C /* Assignment_3_Layout */ = {
			isa = PBXNativeTarget;
			buildConfigurationList = 1ACB337A216AF23B00BF530C /* Build configuration list for PBXNativeTarget "Assignment_3_Layout" */;
			buildPhases = (
				1ACB334E216AF23A00BF530C /* Sources */,
				1ACB334F216AF23A00BF530C /* Frameworks */,
				1ACB3350216AF23A00BF530C /* Resources */,
			);
			buildRules = (
			);
			dependencies = (
			);
			name = Assignment_3_Layout;
			productName = Assignment_3_Layout;
			productReference = 1ACB3352216AF23A00BF530C /* Assignment_3_Layout.app */;
			productType = "com.apple.product-type.application";
		};
		1ACB3365216AF23B00BF530C /* Assignment_3_LayoutTests */ = {
			isa = PBXNativeTarget;
			buildConfigurationList = 1ACB337D216AF23B00BF530C /* Build configuration list for PBXNativeTarget "Assignment_3_LayoutTests" */;
			buildPhases = (
				1ACB3362216AF23B00BF530C /* Sources */,
				1ACB3363216AF23B00BF530C /* Frameworks */,
				1ACB3364216AF23B00BF530C /* Resources */,
			);
			buildRules = (
			);
			dependencies = (
				1ACB3368216AF23B00BF530C /* PBXTargetDependency */,
			);
			name = Assignment_3_LayoutTests;
			productName = Assignment_3_LayoutTests;
			productReference = 1ACB3366216AF23B00BF530C /* Assignment_3_LayoutTests.xctest */;
			productType = "com.apple.product-type.bundle.unit-test";
		};
		1ACB3370216AF23B00BF530C /* Assignment_3_LayoutUITests */ = {
			isa = PBXNativeTarget;
			buildConfigurationList = 1ACB3380216AF23B00BF530C /* Build configuration list for PBXNativeTarget "Assignment_3_LayoutUITests" */;
			buildPhases = (
				1ACB336D216AF23B00BF530C /* Sources */,
				1ACB336E216AF23B00BF530C /* Frameworks */,
				1ACB336F216AF23B00BF530C /* Resources */,
			);
			buildRules = (
			);
			dependencies = (
				1ACB3373216AF23B00BF530C /* PBXTargetDependency */,
			);
			name = Assignment_3_LayoutUITests;
			productName = Assignment_3_LayoutUITests;
			productReference = 1ACB3371216AF23B00BF530C /* Assignment_3_LayoutUITests.xctest */;
			productType = "com.apple.product-type.bundle.ui-testing";
		};
/* End PBXNativeTarget section */

/* Begin PBXProject section */
		1ACB334A216AF23A00BF530C /* Project object */ = {
			isa = PBXProject;
			attributes = {
				LastSwiftUpdateCheck = 1000;
				LastUpgradeCheck = 1000;
				ORGANIZATIONNAME = "Omid Azodi";
				TargetAttributes = {
					1ACB3351216AF23A00BF530C = {
						CreatedOnToolsVersion = 10.0;
					};
					1ACB3365216AF23B00BF530C = {
						CreatedOnToolsVersion = 10.0;
						TestTargetID = 1ACB3351216AF23A00BF530C;
					};
					1ACB3370216AF23B00BF530C = {
						CreatedOnToolsVersion = 10.0;
						TestTargetID = 1ACB3351216AF23A00BF530C;
					};
				};
			};
			buildConfigurationList = 1ACB334D216AF23A00BF530C /* Build configuration list for PBXProject "Assignment_3_Layout" */;
			compatibilityVersion = "Xcode 9.3";
			developmentRegion = en;
			hasScannedForEncodings = 0;
			knownRegions = (
				en,
				Base,
			);
			mainGroup = 1ACB3349216AF23A00BF530C;
			productRefGroup = 1ACB3353216AF23A00BF530C /* Products */;
			projectDirPath = "";
			projectRoot = "";
			targets = (
				1ACB3351216AF23A00BF530C /* Assignment_3_Layout */,
				1ACB3365216AF23B00BF530C /* Assignment_3_LayoutTests */,
				1ACB3370216AF23B00BF530C /* Assignment_3_LayoutUITests */,
			);
		};
/* End PBXProject section */

/* Begin PBXResourcesBuildPhase section */
		1ACB3350216AF23A00BF530C /* Resources */ = {
			isa = PBXResourcesBuildPhase;
			buildActionMask = 2147483647;
			files = (
				1ACB3360216AF23B00BF530C /* LaunchScreen.storyboard in Resources */,
				1ACB335D216AF23B00BF530C /* Assets.xcassets in Resources */,
				1ACB335B216AF23A00BF530C /* Main.storyboard in Resources */,
			);
			runOnlyForDeploymentPostprocessing = 0;
		};
		1ACB3364216AF23B00BF530C /* Resources */ = {
			isa = PBXResourcesBuildPhase;
			buildActionMask = 2147483647;
			files = (
			);
			runOnlyForDeploymentPostprocessing = 0;
		};
		1ACB336F216AF23B00BF530C /* Resources */ = {
			isa = PBXResourcesBuildPhase;
			buildActionMask = 2147483647;
			files = (
			);
			runOnlyForDeploymentPostprocessing = 0;
		};
/* End PBXResourcesBuildPhase section */

/* Begin PBXSourcesBuildPhase section */
		1ACB334E216AF23A00BF530C /* Sources */ = {
			isa = PBXSourcesBuildPhase;
			buildActionMask = 2147483647;
			files = (
				1ACB3358216AF23A00BF530C /* ViewController.swift in Sources */,
				1ACB3356216AF23A00BF530C /* AppDelegate.swift in Sources */,
			);
			runOnlyForDeploymentPostprocessing = 0;
		};
		1ACB3362216AF23B00BF530C /* Sources */ = {
			isa = PBXSourcesBuildPhase;
			buildActionMask = 2147483647;
			files = (
				1ACB336B216AF23B00BF530C /* Assignment_3_LayoutTests.swift in Sources */,
			);
			runOnlyForDeploymentPostprocessing = 0;
		};
		1ACB336D216AF23B00BF530C /* Sources */ = {
			isa = PBXSourcesBuildPhase;
			buildActionMask = 2147483647;
			files = (
				1ACB3376216AF23B00BF530C /* Assignment_3_LayoutUITests.swift in Sources */,
			);
			runOnlyForDeploymentPostprocessing = 0;
		};
/* End PBXSourcesBuildPhase section */

/* Begin PBXTargetDependency section */
		1ACB3368216AF23B00BF530C /* PBXTargetDependency */ = {
			isa = PBXTargetDependency;
			target = 1ACB3351216AF23A00BF530C /* Assignment_3_Layout */;
			targetProxy = 1ACB3367216AF23B00BF530C /* PBXContainerItemProxy */;
		};
		1ACB3373216AF23B00BF530C /* PBXTargetDependency */ = {
			isa = PBXTargetDependency;
			target = 1ACB3351216AF23A00BF530C /* Assignment_3_Layout */;
			targetProxy = 1ACB3372216AF23B00BF530C /* PBXContainerItemProxy */;
		};
/* End PBXTargetDependency section */

/* Begin PBXVariantGroup section */
		1ACB3359216AF23A00BF530C /* Main.storyboard */ = {
			isa = PBXVariantGroup;
			children = (
				1ACB335A216AF23A00BF530C /* Base */,
			);
			name = Main.storyboard;
			sourceTree = "<group>";
		};
		1ACB335E216AF23B00BF530C /* LaunchScreen.storyboard */ = {
			isa = PBXVariantGroup;
			children = (
				1ACB335F216AF23B00BF530C /* Base */,
			);
			name = LaunchScreen.storyboard;
			sourceTree = "<group>";
		};
/* End PBXVariantGroup section */

/* Begin XCBuildConfiguration section */
		1ACB3378216AF23B00BF530C /* Debug */ = {
			isa = XCBuildConfiguration;
			buildSettings = {
				ALWAYS_SEARCH_USER_PATHS = NO;
				CLANG_ANALYZER_NONNULL = YES;
				CLANG_ANALYZER_NUMBER_OBJECT_CONVERSION = YES_AGGRESSIVE;
				CLANG_CXX_LANGUAGE_STANDARD = "gnu++14";
				CLANG_CXX_LIBRARY = "libc++";
				CLANG_ENABLE_MODULES = YES;
				CLANG_ENABLE_OBJC_ARC = YES;
				CLANG_ENABLE_OBJC_WEAK = YES;
				CLANG_WARN_BLOCK_CAPTURE_AUTORELEASING = YES;
				CLANG_WARN_BOOL_CONVERSION = YES;
				CLANG_WARN_COMMA = YES;
				CLANG_WARN_CONSTANT_CONVERSION = YES;
				CLANG_WARN_DEPRECATED_OBJC_IMPLEMENTATIONS = YES;
				CLANG_WARN_DIRECT_OBJC_ISA_USAGE = YES_ERROR;
				CLANG_WARN_DOCUMENTATION_COMMENTS = YES;
				CLANG_WARN_EMPTY_BODY = YES;
				CLANG_WARN_ENUM_CONVERSION = YES;
				CLANG_WARN_INFINITE_RECURSION = YES;
				CLANG_WARN_INT_CONVERSION = YES;
				CLANG_WARN_NON_LITERAL_NULL_CONVERSION = YES;
				CLANG_WARN_OBJC_IMPLICIT_RETAIN_SELF = YES;
				CLANG_WARN_OBJC_LITERAL_CONVERSION = YES;
				CLANG_WARN_OBJC_ROOT_CLASS = YES_ERROR;
				CLANG_WARN_RANGE_LOOP_ANALYSIS = YES;
				CLANG_WARN_STRICT_PROTOTYPES = YES;
				CLANG_WARN_SUSPICIOUS_MOVE = YES;
				CLANG_WARN_UNGUARDED_AVAILABILITY = YES_AGGRESSIVE;
				CLANG_WARN_UNREACHABLE_CODE = YES;
				CLANG_WARN__DUPLICATE_METHOD_MATCH = YES;
				CODE_SIGN_IDENTITY = "iPhone Developer";
				COPY_PHASE_STRIP = NO;
				DEBUG_INFORMATION_FORMAT = dwarf;
				ENABLE_STRICT_OBJC_MSGSEND = YES;
				ENABLE_TESTABILITY = YES;
				GCC_C_LANGUAGE_STANDARD = gnu11;
				GCC_DYNAMIC_NO_PIC = NO;
				GCC_NO_COMMON_BLOCKS = YES;
				GCC_OPTIMIZATION_LEVEL = 0;
				GCC_PREPROCESSOR_DEFINITIONS = (
					"DEBUG=1",
					"$(inherited)",
				);
				GCC_WARN_64_TO_32_BIT_CONVERSION = YES;
				GCC_WARN_ABOUT_RETURN_TYPE = YES_ERROR;
				GCC_WARN_UNDECLARED_SELECTOR = YES;
				GCC_WARN_UNINITIALIZED_AUTOS = YES_AGGRESSIVE;
				GCC_WARN_UNUSED_FUNCTION = YES;
				GCC_WARN_UNUSED_VARIABLE = YES;
				IPHONEOS_DEPLOYMENT_TARGET = 12.0;
				MTL_ENABLE_DEBUG_INFO = INCLUDE_SOURCE;
				MTL_FAST_MATH = YES;
				ONLY_ACTIVE_ARCH = YES;
				SDKROOT = iphoneos;
				SWIFT_ACTIVE_COMPILATION_CONDITIONS = DEBUG;
				SWIFT_OPTIMIZATION_LEVEL = "-Onone";
			};
			name = Debug;
		};
		1ACB3379216AF23B00BF530C /* Release */ = {
			isa = XCBuildConfiguration;
			buildSettings = {
				ALWAYS_SEARCH_USER_PATHS = NO;
				CLANG_ANALYZER_NONNULL = YES;
				CLANG_ANALYZER_NUMBER_OBJECT_CONVERSION = YES_AGGRESSIVE;
				CLANG_CXX_LANGUAGE_STANDARD = "gnu++14";
				CLANG_CXX_LIBRARY = "libc++";
				CLANG_ENABLE_MODULES = YES;
				CLANG_ENABLE_OBJC_ARC = YES;
				CLANG_ENABLE_OBJC_WEAK = YES;
				CLANG_WARN_BLOCK_CAPTURE_AUTORELEASING = YES;
				CLANG_WARN_BOOL_CONVERSION = YES;
				CLANG_WARN_COMMA = YES;
				CLANG_WARN_CONSTANT_CONVERSION = YES;
				CLANG_WARN_DEPRECATED_OBJC_IMPLEMENTATIONS = YES;
				CLANG_WARN_DIRECT_OBJC_ISA_USAGE = YES_ERROR;
				CLANG_WARN_DOCUMENTATION_COMMENTS = YES;
				CLANG_WARN_EMPTY_BODY = YES;
				CLANG_WARN_ENUM_CONVERSION = YES;
				CLANG_WARN_INFINITE_RECURSION = YES;
				CLANG_WARN_INT_CONVERSION = YES;
				CLANG_WARN_NON_LITERAL_NULL_CONVERSION = YES;
				CLANG_WARN_OBJC_IMPLICIT_RETAIN_SELF = YES;
				CLANG_WARN_OBJC_LITERAL_CONVERSION = YES;
				CLANG_WARN_OBJC_ROOT_CLASS = YES_ERROR;
				CLANG_WARN_RANGE_LOOP_ANALYSIS = YES;
				CLANG_WARN_STRICT_PROTOTYPES = YES;
				CLANG_WARN_SUSPICIOUS_MOVE = YES;
				CLANG_WARN_UNGUARDED_AVAILABILITY = YES_AGGRESSIVE;
				CLANG_WARN_UNREACHABLE_CODE = YES;
				CLANG_WARN__DUPLICATE_METHOD_MATCH = YES;
				CODE_SIGN_IDENTITY = "iPhone Developer";
				COPY_PHASE_STRIP = NO;
				DEBUG_INFORMATION_FORMAT = "dwarf-with-dsym";
				ENABLE_NS_ASSERTIONS = NO;
				ENABLE_STRICT_OBJC_MSGSEND = YES;
				GCC_C_LANGUAGE_STANDARD = gnu11;
				GCC_NO_COMMON_BLOCKS = YES;
				GCC_WARN_64_TO_32_BIT_CONVERSION = YES;
				GCC_WARN_ABOUT_RETURN_TYPE = YES_ERROR;
				GCC_WARN_UNDECLARED_SELECTOR = YES;
				GCC_WARN_UNINITIALIZED_AUTOS = YES_AGGRESSIVE;
				GCC_WARN_UNUSED_FUNCTION = YES;
				GCC_WARN_UNUSED_VARIABLE = YES;
				IPHONEOS_DEPLOYMENT_TARGET = 12.0;
				MTL_ENABLE_DEBUG_INFO = NO;
				MTL_FAST_MATH = YES;
				SDKROOT = iphoneos;
				SWIFT_COMPILATION_MODE = wholemodule;
				SWIFT_OPTIMIZATION_LEVEL = "-O";
				VALIDATE_PRODUCT = YES;
			};
			name = Release;
		};
		1ACB337B216AF23B00BF530C /* Debug */ = {
			isa = XCBuildConfiguration;
			buildSettings = {
				ASSETCATALOG_COMPILER_APPICON_NAME = AppIcon;
				CODE_SIGN_STYLE = Automatic;
				INFOPLIST_FILE = Assignment_3_Layout/Info.plist;
				LD_RUNPATH_SEARCH_PATHS = (
					"$(inherited)",
					"@executable_path/Frameworks",
				);
				PRODUCT_BUNDLE_IDENTIFIER = "ProgramBoy.Assignment-3-Layout";
				PRODUCT_NAME = "$(TARGET_NAME)";
				SWIFT_VERSION = 4.2;
				TARGETED_DEVICE_FAMILY = "1,2";
			};
			name = Debug;
		};
		1ACB337C216AF23B00BF530C /* Release */ = {
			isa = XCBuildConfiguration;
			buildSettings = {
				ASSETCATALOG_COMPILER_APPICON_NAME = AppIcon;
				CODE_SIGN_STYLE = Automatic;
				INFOPLIST_FILE = Assignment_3_Layout/Info.plist;
				LD_RUNPATH_SEARCH_PATHS = (
					"$(inherited)",
					"@executable_path/Frameworks",
				);
				PRODUCT_BUNDLE_IDENTIFIER = "ProgramBoy.Assignment-3-Layout";
				PRODUCT_NAME = "$(TARGET_NAME)";
				SWIFT_VERSION = 4.2;
				TARGETED_DEVICE_FAMILY = "1,2";
			};
			name = Release;
		};
		1ACB337E216AF23B00BF530C /* Debug */ = {
			isa = XCBuildConfiguration;
			buildSettings = {
				ALWAYS_EMBED_SWIFT_STANDARD_LIBRARIES = YES;
				BUNDLE_LOADER = "$(TEST_HOST)";
				CODE_SIGN_STYLE = Automatic;
				INFOPLIST_FILE = Assignment_3_LayoutTests/Info.plist;
				LD_RUNPATH_SEARCH_PATHS = (
					"$(inherited)",
					"@executable_path/Frameworks",
					"@loader_path/Frameworks",
				);
				PRODUCT_BUNDLE_IDENTIFIER = "ProgramBoy.Assignment-3-LayoutTests";
				PRODUCT_NAME = "$(TARGET_NAME)";
				SWIFT_VERSION = 4.2;
				TARGETED_DEVICE_FAMILY = "1,2";
				TEST_HOST = "$(BUILT_PRODUCTS_DIR)/Assignment_3_Layout.app/Assignment_3_Layout";
			};
			name = Debug;
		};
		1ACB337F216AF23B00BF530C /* Release */ = {
			isa = XCBuildConfiguration;
			buildSettings = {
				ALWAYS_EMBED_SWIFT_STANDARD_LIBRARIES = YES;
				BUNDLE_LOADER = "$(TEST_HOST)";
				CODE_SIGN_STYLE = Automatic;
				INFOPLIST_FILE = Assignment_3_LayoutTests/Info.plist;
				LD_RUNPATH_SEARCH_PATHS = (
					"$(inherited)",
					"@executable_path/Frameworks",
					"@loader_path/Frameworks",
				);
				PRODUCT_BUNDLE_IDENTIFIER = "ProgramBoy.Assignment-3-LayoutTests";
				PRODUCT_NAME = "$(TARGET_NAME)";
				SWIFT_VERSION = 4.2;
				TARGETED_DEVICE_FAMILY = "1,2";
				TEST_HOST = "$(BUILT_PRODUCTS_DIR)/Assignment_3_Layout.app/Assignment_3_Layout";
			};
			name = Release;
		};
		1ACB3381216AF23B00BF530C /* Debug */ = {
			isa = XCBuildConfiguration;
			buildSettings = {
				ALWAYS_EMBED_SWIFT_STANDARD_LIBRARIES = YES;
				CODE_SIGN_STYLE = Automatic;
				INFOPLIST_FILE = Assignment_3_LayoutUITests/Info.plist;
				LD_RUNPATH_SEARCH_PATHS = (
					"$(inherited)",
					"@executable_path/Frameworks",
					"@loader_path/Frameworks",
				);
				PRODUCT_BUNDLE_IDENTIFIER = "ProgramBoy.Assignment-3-LayoutUITests";
				PRODUCT_NAME = "$(TARGET_NAME)";
				SWIFT_VERSION = 4.2;
				TARGETED_DEVICE_FAMILY = "1,2";
				TEST_TARGET_NAME = Assignment_3_Layout;
			};
			name = Debug;
		};
		1ACB3382216AF23B00BF530C /* Release */ = {
			isa = XCBuildConfiguration;
			buildSettings = {
				ALWAYS_EMBED_SWIFT_STANDARD_LIBRARIES = YES;
				CODE_SIGN_STYLE = Automatic;
				INFOPLIST_FILE = Assignment_3_LayoutUITests/Info.plist;
				LD_RUNPATH_SEARCH_PATHS = (
					"$(inherited)",
					"@executable_path/Frameworks",
					"@loader_path/Frameworks",
				);
				PRODUCT_BUNDLE_IDENTIFIER = "ProgramBoy.Assignment-3-LayoutUITests";
				PRODUCT_NAME = "$(TARGET_NAME)";
				SWIFT_VERSION = 4.2;
				TARGETED_DEVICE_FAMILY = "1,2";
				TEST_TARGET_NAME = Assignment_3_Layout;
			};
			name = Release;
		};
/* End XCBuildConfiguration section */

/* Begin XCConfigurationList section */
		1ACB334D216AF23A00BF530C /* Build configuration list for PBXProject "Assignment_3_Layout" */ = {
			isa = XCConfigurationList;
			buildConfigurations = (
				1ACB3378216AF23B00BF530C /* Debug */,
				1ACB3379216AF23B00BF530C /* Release */,
			);
			defaultConfigurationIsVisible = 0;
			defaultConfigurationName = Release;
		};
		1ACB337A216AF23B00BF530C /* Build configuration list for PBXNativeTarget "Assignment_3_Layout" */ = {
			isa = XCConfigurationList;
			buildConfigurations = (
				1ACB337B216AF23B00BF530C /* Debug */,
				1ACB337C216AF23B00BF530C /* Release */,
			);
			defaultConfigurationIsVisible = 0;
			defaultConfigurationName = Release;
		};
		1ACB337D216AF23B00BF530C /* Build configuration list for PBXNativeTarget "Assignment_3_LayoutTests" */ = {
			isa = XCConfigurationList;
			buildConfigurations = (
				1ACB337E216AF23B00BF530C /* Debug */,
				1ACB337F216AF23B00BF530C /* Release */,
			);
			defaultConfigurationIsVisible = 0;
			defaultConfigurationName = Release;
		};
		1ACB3380216AF23B00BF530C /* Build configuration list for PBXNativeTarget "Assignment_3_LayoutUITests" */ = {
			isa = XCConfigurationList;
			buildConfigurations = (
				1ACB3381216AF23B00BF530C /* Debug */,
				1ACB3382216AF23B00BF530C /* Release */,
			);
			defaultConfigurationIsVisible = 0;
			defaultConfigurationName = Release;
		};
/* End XCConfigurationList section */
	};
	rootObject = 1ACB334A216AF23A00BF530C /* Project object */;
}
